// !$*UTF8*$!
{
	archiveVersion = 1;
	classes = {
	};
	objectVersion = 50;
	objects = {

/* Begin PBXBuildFile section */
		AC93B1CD251BC3EA00EA207A /* AppDelegate.swift in Sources */ = {isa = PBXBuildFile; fileRef = AC93B1CC251BC3EA00EA207A /* AppDelegate.swift */; };
		AC93B1CF251BC3EA00EA207A /* SceneDelegate.swift in Sources */ = {isa = PBXBuildFile; fileRef = AC93B1CE251BC3EA00EA207A /* SceneDelegate.swift */; };
		AC93B1D6251BC3EB00EA207A /* Assets.xcassets in Resources */ = {isa = PBXBuildFile; fileRef = AC93B1D5251BC3EB00EA207A /* Assets.xcassets */; };
		AC93B1D9251BC3EB00EA207A /* LaunchScreen.storyboard in Resources */ = {isa = PBXBuildFile; fileRef = AC93B1D7251BC3EB00EA207A /* LaunchScreen.storyboard */; };
		AC93B1EF251BC44000EA207A /* CategoriesViewController.xib in Resources */ = {isa = PBXBuildFile; fileRef = AC93B1E7251BC44000EA207A /* CategoriesViewController.xib */; };
		AC93B1F0251BC44000EA207A /* CategoriesViewController.swift in Sources */ = {isa = PBXBuildFile; fileRef = AC93B1E8251BC44000EA207A /* CategoriesViewController.swift */; };
		AC93B1F1251BC44000EA207A /* CategoryTableViewCell.swift in Sources */ = {isa = PBXBuildFile; fileRef = AC93B1EA251BC44000EA207A /* CategoryTableViewCell.swift */; };
		AC93B1F2251BC44000EA207A /* CategoryTableViewCell.xib in Resources */ = {isa = PBXBuildFile; fileRef = AC93B1EB251BC44000EA207A /* CategoryTableViewCell.xib */; };
		AC93B1FC251BC45700EA207A /* UITableViewCellExtension.swift in Sources */ = {isa = PBXBuildFile; fileRef = AC93B1F7251BC45700EA207A /* UITableViewCellExtension.swift */; };
		AC93B1FD251BC45700EA207A /* UIColorExtension.swift in Sources */ = {isa = PBXBuildFile; fileRef = AC93B1F8251BC45700EA207A /* UIColorExtension.swift */; };
		AC93B1FE251BC45700EA207A /* UILabelExtension.swift in Sources */ = {isa = PBXBuildFile; fileRef = AC93B1F9251BC45700EA207A /* UILabelExtension.swift */; };
		AC93B1FF251BC45700EA207A /* UIViewControllerExtension.swift in Sources */ = {isa = PBXBuildFile; fileRef = AC93B1FA251BC45700EA207A /* UIViewControllerExtension.swift */; };
		AC93B200251BC45700EA207A /* UITableViewExtension.swift in Sources */ = {isa = PBXBuildFile; fileRef = AC93B1FB251BC45700EA207A /* UITableViewExtension.swift */; };
		AC93B209251BCF0000EA207A /* Localizable.strings in Resources */ = {isa = PBXBuildFile; fileRef = AC93B208251BCF0000EA207A /* Localizable.strings */; };
		AC93B20C251BCF8B00EA207A /* StringExtension.swift in Sources */ = {isa = PBXBuildFile; fileRef = AC93B20B251BCF8B00EA207A /* StringExtension.swift */; };
/* End PBXBuildFile section */

/* Begin PBXFileReference section */
		AC93B1C9251BC3EA00EA207A /* nerdeame-ios.app */ = {isa = PBXFileReference; explicitFileType = wrapper.application; includeInIndex = 0; path = "nerdeame-ios.app"; sourceTree = BUILT_PRODUCTS_DIR; };
		AC93B1CC251BC3EA00EA207A /* AppDelegate.swift */ = {isa = PBXFileReference; lastKnownFileType = sourcecode.swift; path = AppDelegate.swift; sourceTree = "<group>"; };
		AC93B1CE251BC3EA00EA207A /* SceneDelegate.swift */ = {isa = PBXFileReference; lastKnownFileType = sourcecode.swift; path = SceneDelegate.swift; sourceTree = "<group>"; };
		AC93B1D5251BC3EB00EA207A /* Assets.xcassets */ = {isa = PBXFileReference; lastKnownFileType = folder.assetcatalog; path = Assets.xcassets; sourceTree = "<group>"; };
		AC93B1D8251BC3EB00EA207A /* Base */ = {isa = PBXFileReference; lastKnownFileType = file.storyboard; name = Base; path = Base.lproj/LaunchScreen.storyboard; sourceTree = "<group>"; };
		AC93B1DA251BC3EB00EA207A /* Info.plist */ = {isa = PBXFileReference; lastKnownFileType = text.plist.xml; path = Info.plist; sourceTree = "<group>"; };
		AC93B1E7251BC44000EA207A /* CategoriesViewController.xib */ = {isa = PBXFileReference; fileEncoding = 4; lastKnownFileType = file.xib; path = CategoriesViewController.xib; sourceTree = "<group>"; };
		AC93B1E8251BC44000EA207A /* CategoriesViewController.swift */ = {isa = PBXFileReference; fileEncoding = 4; lastKnownFileType = sourcecode.swift; path = CategoriesViewController.swift; sourceTree = "<group>"; };
		AC93B1EA251BC44000EA207A /* CategoryTableViewCell.swift */ = {isa = PBXFileReference; fileEncoding = 4; lastKnownFileType = sourcecode.swift; path = CategoryTableViewCell.swift; sourceTree = "<group>"; };
		AC93B1EB251BC44000EA207A /* CategoryTableViewCell.xib */ = {isa = PBXFileReference; fileEncoding = 4; lastKnownFileType = file.xib; path = CategoryTableViewCell.xib; sourceTree = "<group>"; };
		AC93B1F7251BC45700EA207A /* UITableViewCellExtension.swift */ = {isa = PBXFileReference; fileEncoding = 4; lastKnownFileType = sourcecode.swift; path = UITableViewCellExtension.swift; sourceTree = "<group>"; };
		AC93B1F8251BC45700EA207A /* UIColorExtension.swift */ = {isa = PBXFileReference; fileEncoding = 4; lastKnownFileType = sourcecode.swift; path = UIColorExtension.swift; sourceTree = "<group>"; };
		AC93B1F9251BC45700EA207A /* UILabelExtension.swift */ = {isa = PBXFileReference; fileEncoding = 4; lastKnownFileType = sourcecode.swift; path = UILabelExtension.swift; sourceTree = "<group>"; };
		AC93B1FA251BC45700EA207A /* UIViewControllerExtension.swift */ = {isa = PBXFileReference; fileEncoding = 4; lastKnownFileType = sourcecode.swift; path = UIViewControllerExtension.swift; sourceTree = "<group>"; };
		AC93B1FB251BC45700EA207A /* UITableViewExtension.swift */ = {isa = PBXFileReference; fileEncoding = 4; lastKnownFileType = sourcecode.swift; path = UITableViewExtension.swift; sourceTree = "<group>"; };
		AC93B208251BCF0000EA207A /* Localizable.strings */ = {isa = PBXFileReference; lastKnownFileType = text.plist.strings; path = Localizable.strings; sourceTree = "<group>"; };
		AC93B20B251BCF8B00EA207A /* StringExtension.swift */ = {isa = PBXFileReference; lastKnownFileType = sourcecode.swift; path = StringExtension.swift; sourceTree = "<group>"; };
/* End PBXFileReference section */

/* Begin PBXFrameworksBuildPhase section */
		AC93B1C6251BC3EA00EA207A /* Frameworks */ = {
			isa = PBXFrameworksBuildPhase;
			buildActionMask = 2147483647;
			files = (
			);
			runOnlyForDeploymentPostprocessing = 0;
		};
/* End PBXFrameworksBuildPhase section */

/* Begin PBXGroup section */
		AC93B1C0251BC3EA00EA207A = {
			isa = PBXGroup;
			children = (
				AC93B1CB251BC3EA00EA207A /* nerdeame-ios */,
				AC93B1CA251BC3EA00EA207A /* Products */,
			);
			sourceTree = "<group>";
		};
		AC93B1CA251BC3EA00EA207A /* Products */ = {
			isa = PBXGroup;
			children = (
				AC93B1C9251BC3EA00EA207A /* nerdeame-ios.app */,
			);
			name = Products;
			sourceTree = "<group>";
		};
		AC93B1CB251BC3EA00EA207A /* nerdeame-ios */ = {
			isa = PBXGroup;
			children = (
				AC93B1CC251BC3EA00EA207A /* AppDelegate.swift */,
				AC93B1CE251BC3EA00EA207A /* SceneDelegate.swift */,
				AC93B1E4251BC41B00EA207A /* UseCases */,
				AC93B202251BC46000EA207A /* Provider */,
				AC93B1F5251BC45700EA207A /* Util */,
				AC93B203251BC47800EA207A /* SupportingFiles */,
				AC93B1D5251BC3EB00EA207A /* Assets.xcassets */,
			);
			path = "nerdeame-ios";
			sourceTree = "<group>";
		};
		AC93B1E4251BC41B00EA207A /* UseCases */ = {
			isa = PBXGroup;
			children = (
				AC93B1EC251BC44000EA207A /* Launch */,
				AC93B1E6251BC44000EA207A /* Categories */,
				AC93B1E5251BC44000EA207A /* Common */,
			);
			path = UseCases;
			sourceTree = "<group>";
		};
		AC93B1E5251BC44000EA207A /* Common */ = {
			isa = PBXGroup;
			children = (
			);
			path = Common;
			sourceTree = "<group>";
		};
		AC93B1E6251BC44000EA207A /* Categories */ = {
			isa = PBXGroup;
			children = (
				AC93B1E7251BC44000EA207A /* CategoriesViewController.xib */,
				AC93B1E8251BC44000EA207A /* CategoriesViewController.swift */,
				AC93B1E9251BC44000EA207A /* Cell */,
			);
			path = Categories;
			sourceTree = "<group>";
		};
		AC93B1E9251BC44000EA207A /* Cell */ = {
			isa = PBXGroup;
			children = (
				AC93B1EB251BC44000EA207A /* CategoryTableViewCell.xib */,
				AC93B1EA251BC44000EA207A /* CategoryTableViewCell.swift */,
			);
			path = Cell;
			sourceTree = "<group>";
		};
		AC93B1EC251BC44000EA207A /* Launch */ = {
			isa = PBXGroup;
			children = (
				AC93B1D7251BC3EB00EA207A /* LaunchScreen.storyboard */,
			);
			path = Launch;
			sourceTree = "<group>";
		};
		AC93B1F5251BC45700EA207A /* Util */ = {
			isa = PBXGroup;
			children = (
				AC93B1F6251BC45700EA207A /* Extension */,
			);
			path = Util;
			sourceTree = "<group>";
		};
		AC93B1F6251BC45700EA207A /* Extension */ = {
			isa = PBXGroup;
			children = (
				AC93B1F7251BC45700EA207A /* UITableViewCellExtension.swift */,
				AC93B1F8251BC45700EA207A /* UIColorExtension.swift */,
				AC93B1F9251BC45700EA207A /* UILabelExtension.swift */,
				AC93B1FA251BC45700EA207A /* UIViewControllerExtension.swift */,
				AC93B1FB251BC45700EA207A /* UITableViewExtension.swift */,
				AC93B20B251BCF8B00EA207A /* StringExtension.swift */,
			);
			path = Extension;
			sourceTree = "<group>";
		};
		AC93B202251BC46000EA207A /* Provider */ = {
			isa = PBXGroup;
			children = (
			);
			path = Provider;
			sourceTree = "<group>";
		};
		AC93B203251BC47800EA207A /* SupportingFiles */ = {
			isa = PBXGroup;
			children = (
				AC93B1DA251BC3EB00EA207A /* Info.plist */,
				AC93B208251BCF0000EA207A /* Localizable.strings */,
			);
			path = SupportingFiles;
			sourceTree = "<group>";
		};
/* End PBXGroup section */

/* Begin PBXNativeTarget section */
		AC93B1C8251BC3EA00EA207A /* nerdeame-ios */ = {
			isa = PBXNativeTarget;
			buildConfigurationList = AC93B1DD251BC3EB00EA207A /* Build configuration list for PBXNativeTarget "nerdeame-ios" */;
			buildPhases = (
				AC93B1C5251BC3EA00EA207A /* Sources */,
				AC93B1C6251BC3EA00EA207A /* Frameworks */,
				AC93B1C7251BC3EA00EA207A /* Resources */,
			);
			buildRules = (
			);
			dependencies = (
			);
			name = "nerdeame-ios";
			productName = "nerdeame-ios";
			productReference = AC93B1C9251BC3EA00EA207A /* nerdeame-ios.app */;
			productType = "com.apple.product-type.application";
		};
/* End PBXNativeTarget section */

/* Begin PBXProject section */
		AC93B1C1251BC3EA00EA207A /* Project object */ = {
			isa = PBXProject;
			attributes = {
				LastSwiftUpdateCheck = 1200;
				LastUpgradeCheck = 1200;
				TargetAttributes = {
					AC93B1C8251BC3EA00EA207A = {
						CreatedOnToolsVersion = 12.0;
					};
				};
			};
			buildConfigurationList = AC93B1C4251BC3EA00EA207A /* Build configuration list for PBXProject "nerdeame-ios" */;
			compatibilityVersion = "Xcode 9.3";
			developmentRegion = en;
			hasScannedForEncodings = 0;
			knownRegions = (
				en,
				Base,
			);
			mainGroup = AC93B1C0251BC3EA00EA207A;
			productRefGroup = AC93B1CA251BC3EA00EA207A /* Products */;
			projectDirPath = "";
			projectRoot = "";
			targets = (
				AC93B1C8251BC3EA00EA207A /* nerdeame-ios */,
			);
		};
/* End PBXProject section */

/* Begin PBXResourcesBuildPhase section */
		AC93B1C7251BC3EA00EA207A /* Resources */ = {
			isa = PBXResourcesBuildPhase;
			buildActionMask = 2147483647;
			files = (
				AC93B209251BCF0000EA207A /* Localizable.strings in Resources */,
				AC93B1D9251BC3EB00EA207A /* LaunchScreen.storyboard in Resources */,
				AC93B1D6251BC3EB00EA207A /* Assets.xcassets in Resources */,
				AC93B1EF251BC44000EA207A /* CategoriesViewController.xib in Resources */,
				AC93B1F2251BC44000EA207A /* CategoryTableViewCell.xib in Resources */,
			);
			runOnlyForDeploymentPostprocessing = 0;
		};
/* End PBXResourcesBuildPhase section */

/* Begin PBXSourcesBuildPhase section */
		AC93B1C5251BC3EA00EA207A /* Sources */ = {
			isa = PBXSourcesBuildPhase;
			buildActionMask = 2147483647;
			files = (
				AC93B1CD251BC3EA00EA207A /* AppDelegate.swift in Sources */,
				AC93B1CF251BC3EA00EA207A /* SceneDelegate.swift in Sources */,
				AC93B20C251BCF8B00EA207A /* StringExtension.swift in Sources */,
				AC93B1FC251BC45700EA207A /* UITableViewCellExtension.swift in Sources */,
				AC93B1F0251BC44000EA207A /* CategoriesViewController.swift in Sources */,
				AC93B1FF251BC45700EA207A /* UIViewControllerExtension.swift in Sources */,
				AC93B1FE251BC45700EA207A /* UILabelExtension.swift in Sources */,
				AC93B200251BC45700EA207A /* UITableViewExtension.swift in Sources */,
				AC93B1F1251BC44000EA207A /* CategoryTableViewCell.swift in Sources */,
				AC93B1FD251BC45700EA207A /* UIColorExtension.swift in Sources */,
			);
			runOnlyForDeploymentPostprocessing = 0;
		};
/* End PBXSourcesBuildPhase section */

/* Begin PBXVariantGroup section */
		AC93B1D7251BC3EB00EA207A /* LaunchScreen.storyboard */ = {
			isa = PBXVariantGroup;
			children = (
				AC93B1D8251BC3EB00EA207A /* Base */,
			);
			name = LaunchScreen.storyboard;
			sourceTree = "<group>";
		};
/* End PBXVariantGroup section */

/* Begin XCBuildConfiguration section */
		AC93B1DB251BC3EB00EA207A /* Debug */ = {
			isa = XCBuildConfiguration;
			buildSettings = {
				ALWAYS_SEARCH_USER_PATHS = NO;
				CLANG_ANALYZER_NONNULL = YES;
				CLANG_ANALYZER_NUMBER_OBJECT_CONVERSION = YES_AGGRESSIVE;
				CLANG_CXX_LANGUAGE_STANDARD = "gnu++14";
				CLANG_CXX_LIBRARY = "libc++";
				CLANG_ENABLE_MODULES = YES;
				CLANG_ENABLE_OBJC_ARC = YES;
				CLANG_ENABLE_OBJC_WEAK = YES;
				CLANG_WARN_BLOCK_CAPTURE_AUTORELEASING = YES;
				CLANG_WARN_BOOL_CONVERSION = YES;
				CLANG_WARN_COMMA = YES;
				CLANG_WARN_CONSTANT_CONVERSION = YES;
				CLANG_WARN_DEPRECATED_OBJC_IMPLEMENTATIONS = YES;
				CLANG_WARN_DIRECT_OBJC_ISA_USAGE = YES_ERROR;
				CLANG_WARN_DOCUMENTATION_COMMENTS = YES;
				CLANG_WARN_EMPTY_BODY = YES;
				CLANG_WARN_ENUM_CONVERSION = YES;
				CLANG_WARN_INFINITE_RECURSION = YES;
				CLANG_WARN_INT_CONVERSION = YES;
				CLANG_WARN_NON_LITERAL_NULL_CONVERSION = YES;
				CLANG_WARN_OBJC_IMPLICIT_RETAIN_SELF = YES;
				CLANG_WARN_OBJC_LITERAL_CONVERSION = YES;
				CLANG_WARN_OBJC_ROOT_CLASS = YES_ERROR;
				CLANG_WARN_QUOTED_INCLUDE_IN_FRAMEWORK_HEADER = YES;
				CLANG_WARN_RANGE_LOOP_ANALYSIS = YES;
				CLANG_WARN_STRICT_PROTOTYPES = YES;
				CLANG_WARN_SUSPICIOUS_MOVE = YES;
				CLANG_WARN_UNGUARDED_AVAILABILITY = YES_AGGRESSIVE;
				CLANG_WARN_UNREACHABLE_CODE = YES;
				CLANG_WARN__DUPLICATE_METHOD_MATCH = YES;
				COPY_PHASE_STRIP = NO;
				DEBUG_INFORMATION_FORMAT = dwarf;
				ENABLE_STRICT_OBJC_MSGSEND = YES;
				ENABLE_TESTABILITY = YES;
				GCC_C_LANGUAGE_STANDARD = gnu11;
				GCC_DYNAMIC_NO_PIC = NO;
				GCC_NO_COMMON_BLOCKS = YES;
				GCC_OPTIMIZATION_LEVEL = 0;
				GCC_PREPROCESSOR_DEFINITIONS = (
					"DEBUG=1",
					"$(inherited)",
				);
				GCC_WARN_64_TO_32_BIT_CONVERSION = YES;
				GCC_WARN_ABOUT_RETURN_TYPE = YES_ERROR;
				GCC_WARN_UNDECLARED_SELECTOR = YES;
				GCC_WARN_UNINITIALIZED_AUTOS = YES_AGGRESSIVE;
				GCC_WARN_UNUSED_FUNCTION = YES;
				GCC_WARN_UNUSED_VARIABLE = YES;
				IPHONEOS_DEPLOYMENT_TARGET = 14.0;
				MTL_ENABLE_DEBUG_INFO = INCLUDE_SOURCE;
				MTL_FAST_MATH = YES;
				ONLY_ACTIVE_ARCH = YES;
				SDKROOT = iphoneos;
				SWIFT_ACTIVE_COMPILATION_CONDITIONS = DEBUG;
				SWIFT_OPTIMIZATION_LEVEL = "-Onone";
			};
			name = Debug;
		};
		AC93B1DC251BC3EB00EA207A /* Release */ = {
			isa = XCBuildConfiguration;
			buildSettings = {
				ALWAYS_SEARCH_USER_PATHS = NO;
				CLANG_ANALYZER_NONNULL = YES;
				CLANG_ANALYZER_NUMBER_OBJECT_CONVERSION = YES_AGGRESSIVE;
				CLANG_CXX_LANGUAGE_STANDARD = "gnu++14";
				CLANG_CXX_LIBRARY = "libc++";
				CLANG_ENABLE_MODULES = YES;
				CLANG_ENABLE_OBJC_ARC = YES;
				CLANG_ENABLE_OBJC_WEAK = YES;
				CLANG_WARN_BLOCK_CAPTURE_AUTORELEASING = YES;
				CLANG_WARN_BOOL_CONVERSION = YES;
				CLANG_WARN_COMMA = YES;
				CLANG_WARN_CONSTANT_CONVERSION = YES;
				CLANG_WARN_DEPRECATED_OBJC_IMPLEMENTATIONS = YES;
				CLANG_WARN_DIRECT_OBJC_ISA_USAGE = YES_ERROR;
				CLANG_WARN_DOCUMENTATION_COMMENTS = YES;
				CLANG_WARN_EMPTY_BODY = YES;
				CLANG_WARN_ENUM_CONVERSION = YES;
				CLANG_WARN_INFINITE_RECURSION = YES;
				CLANG_WARN_INT_CONVERSION = YES;
				CLANG_WARN_NON_LITERAL_NULL_CONVERSION = YES;
				CLANG_WARN_OBJC_IMPLICIT_RETAIN_SELF = YES;
				CLANG_WARN_OBJC_LITERAL_CONVERSION = YES;
				CLANG_WARN_OBJC_ROOT_CLASS = YES_ERROR;
				CLANG_WARN_QUOTED_INCLUDE_IN_FRAMEWORK_HEADER = YES;
				CLANG_WARN_RANGE_LOOP_ANALYSIS = YES;
				CLANG_WARN_STRICT_PROTOTYPES = YES;
				CLANG_WARN_SUSPICIOUS_MOVE = YES;
				CLANG_WARN_UNGUARDED_AVAILABILITY = YES_AGGRESSIVE;
				CLANG_WARN_UNREACHABLE_CODE = YES;
				CLANG_WARN__DUPLICATE_METHOD_MATCH = YES;
				COPY_PHASE_STRIP = NO;
				DEBUG_INFORMATION_FORMAT = "dwarf-with-dsym";
				ENABLE_NS_ASSERTIONS = NO;
				ENABLE_STRICT_OBJC_MSGSEND = YES;
				GCC_C_LANGUAGE_STANDARD = gnu11;
				GCC_NO_COMMON_BLOCKS = YES;
				GCC_WARN_64_TO_32_BIT_CONVERSION = YES;
				GCC_WARN_ABOUT_RETURN_TYPE = YES_ERROR;
				GCC_WARN_UNDECLARED_SELECTOR = YES;
				GCC_WARN_UNINITIALIZED_AUTOS = YES_AGGRESSIVE;
				GCC_WARN_UNUSED_FUNCTION = YES;
				GCC_WARN_UNUSED_VARIABLE = YES;
				IPHONEOS_DEPLOYMENT_TARGET = 14.0;
				MTL_ENABLE_DEBUG_INFO = NO;
				MTL_FAST_MATH = YES;
				SDKROOT = iphoneos;
				SWIFT_COMPILATION_MODE = wholemodule;
				SWIFT_OPTIMIZATION_LEVEL = "-O";
				VALIDATE_PRODUCT = YES;
			};
			name = Release;
		};
		AC93B1DE251BC3EB00EA207A /* Debug */ = {
			isa = XCBuildConfiguration;
			buildSettings = {
				ASSETCATALOG_COMPILER_APPICON_NAME = AppIcon;
				ASSETCATALOG_COMPILER_GLOBAL_ACCENT_COLOR_NAME = AccentColor;
				CODE_SIGN_STYLE = Automatic;
				INFOPLIST_FILE = "nerdeame-ios/SupportingFiles/Info.plist";
				LD_RUNPATH_SEARCH_PATHS = (
					"$(inherited)",
					"@executable_path/Frameworks",
				);
				PRODUCT_BUNDLE_IDENTIFIER = "com.mouredev.nerdeame-ios";
				PRODUCT_NAME = "$(TARGET_NAME)";
				SWIFT_VERSION = 5.0;
				TARGETED_DEVICE_FAMILY = "1,2";
			};
			name = Debug;
		};
		AC93B1DF251BC3EB00EA207A /* Release */ = {
			isa = XCBuildConfiguration;
			buildSettings = {
				ASSETCATALOG_COMPILER_APPICON_NAME = AppIcon;
				ASSETCATALOG_COMPILER_GLOBAL_ACCENT_COLOR_NAME = AccentColor;
				CODE_SIGN_STYLE = Automatic;
				INFOPLIST_FILE = "nerdeame-ios/SupportingFiles/Info.plist";
				LD_RUNPATH_SEARCH_PATHS = (
					"$(inherited)",
					"@executable_path/Frameworks",
				);
				PRODUCT_BUNDLE_IDENTIFIER = "com.mouredev.nerdeame-ios";
				PRODUCT_NAME = "$(TARGET_NAME)";
				SWIFT_VERSION = 5.0;
				TARGETED_DEVICE_FAMILY = "1,2";
			};
			name = Release;
		};
/* End XCBuildConfiguration section */

/* Begin XCConfigurationList section */
		AC93B1C4251BC3EA00EA207A /* Build configuration list for PBXProject "nerdeame-ios" */ = {
			isa = XCConfigurationList;
			buildConfigurations = (
				AC93B1DB251BC3EB00EA207A /* Debug */,
				AC93B1DC251BC3EB00EA207A /* Release */,
			);
			defaultConfigurationIsVisible = 0;
			defaultConfigurationName = Release;
		};
		AC93B1DD251BC3EB00EA207A /* Build configuration list for PBXNativeTarget "nerdeame-ios" */ = {
			isa = XCConfigurationList;
			buildConfigurations = (
				AC93B1DE251BC3EB00EA207A /* Debug */,
				AC93B1DF251BC3EB00EA207A /* Release */,
			);
			defaultConfigurationIsVisible = 0;
			defaultConfigurationName = Release;
		};
/* End XCConfigurationList section */
	};
	rootObject = AC93B1C1251BC3EA00EA207A /* Project object */;
}
